// !$*UTF8*$!
{
	archiveVersion = 1;
	classes = {
	};
	objectVersion = 56;
	objects = {

/* Begin PBXBuildFile section */
		13474C602B3B606000EC7B6F /* CreateCapsuleView.swift in Sources */ = {isa = PBXBuildFile; fileRef = 13474C5F2B3B606000EC7B6F /* CreateCapsuleView.swift */; };
		13474C622B3B6C0600EC7B6F /* EnterCapsuleView.swift in Sources */ = {isa = PBXBuildFile; fileRef = 13474C612B3B6C0600EC7B6F /* EnterCapsuleView.swift */; };
		13474C642B3B728700EC7B6F /* SettingView.swift in Sources */ = {isa = PBXBuildFile; fileRef = 13474C632B3B728700EC7B6F /* SettingView.swift */; };
		13474C662B3B738B00EC7B6F /* SignUpView.swift in Sources */ = {isa = PBXBuildFile; fileRef = 13474C652B3B738B00EC7B6F /* SignUpView.swift */; };
		13474C682B3B73BA00EC7B6F /* SignUpResponseDTO.swift in Sources */ = {isa = PBXBuildFile; fileRef = 13474C672B3B73BA00EC7B6F /* SignUpResponseDTO.swift */; };
		1350FBD62B3ABB8E009DEBA4 /* OnesFrontendApp.swift in Sources */ = {isa = PBXBuildFile; fileRef = 1350FBD52B3ABB8E009DEBA4 /* OnesFrontendApp.swift */; };
		1350FBD82B3ABB8E009DEBA4 /* ContentView.swift in Sources */ = {isa = PBXBuildFile; fileRef = 1350FBD72B3ABB8E009DEBA4 /* ContentView.swift */; };
		1350FBDA2B3ABB90009DEBA4 /* Assets.xcassets in Resources */ = {isa = PBXBuildFile; fileRef = 1350FBD92B3ABB90009DEBA4 /* Assets.xcassets */; };
		1350FBDD2B3ABB90009DEBA4 /* Preview Assets.xcassets in Resources */ = {isa = PBXBuildFile; fileRef = 1350FBDC2B3ABB90009DEBA4 /* Preview Assets.xcassets */; };
		1350FBF22B3ABD4B009DEBA4 /* MainView.swift in Sources */ = {isa = PBXBuildFile; fileRef = 1350FBF12B3ABD4B009DEBA4 /* MainView.swift */; };
		1350FBF52B3ABE81009DEBA4 /* Color.swift in Sources */ = {isa = PBXBuildFile; fileRef = 1350FBF42B3ABE81009DEBA4 /* Color.swift */; };
		1350FBF72B3AC30C009DEBA4 /* CapsuleMainItem.swift in Sources */ = {isa = PBXBuildFile; fileRef = 1350FBF62B3AC30C009DEBA4 /* CapsuleMainItem.swift */; };
		1354897A2B3AE29800F6DB4C /* MapView.swift in Sources */ = {isa = PBXBuildFile; fileRef = 135489792B3AE29800F6DB4C /* MapView.swift */; };
		1354897D2B3AEB2E00F6DB4C /* Alamofire in Frameworks */ = {isa = PBXBuildFile; productRef = 1354897C2B3AEB2E00F6DB4C /* Alamofire */; };
		1354897F2B3AEE4C00F6DB4C /* NaverGeoCodeResponseDTO.swift in Sources */ = {isa = PBXBuildFile; fileRef = 1354897E2B3AEE4C00F6DB4C /* NaverGeoCodeResponseDTO.swift */; };
		135489812B3AF5D100F6DB4C /* NaverLocalSearchResponseDTO.swift in Sources */ = {isa = PBXBuildFile; fileRef = 135489802B3AF5D100F6DB4C /* NaverLocalSearchResponseDTO.swift */; };
		135489832B3B055D00F6DB4C /* Border.swift in Sources */ = {isa = PBXBuildFile; fileRef = 135489822B3B055D00F6DB4C /* Border.swift */; };
		135489852B3B057600F6DB4C /* View.swift in Sources */ = {isa = PBXBuildFile; fileRef = 135489842B3B057600F6DB4C /* View.swift */; };
		135489872B3B059E00F6DB4C /* LetterComponent.swift in Sources */ = {isa = PBXBuildFile; fileRef = 135489862B3B059E00F6DB4C /* LetterComponent.swift */; };
		1354898A2B3B05C400F6DB4C /* PhotoComponent.swift in Sources */ = {isa = PBXBuildFile; fileRef = 135489892B3B05C400F6DB4C /* PhotoComponent.swift */; };
		1354898C2B3B05DC00F6DB4C /* ImageAsset.swift in Sources */ = {isa = PBXBuildFile; fileRef = 1354898B2B3B05DC00F6DB4C /* ImageAsset.swift */; };
		1354898E2B3B05FB00F6DB4C /* ImagePickerViewModel.swift in Sources */ = {isa = PBXBuildFile; fileRef = 1354898D2B3B05FB00F6DB4C /* ImagePickerViewModel.swift */; };
		135489902B3B064800F6DB4C /* CapsuleItemFormView.swift in Sources */ = {isa = PBXBuildFile; fileRef = 1354898F2B3B064800F6DB4C /* CapsuleItemFormView.swift */; };
		135489922B3B065C00F6DB4C /* ImagePickerView.swift in Sources */ = {isa = PBXBuildFile; fileRef = 135489912B3B065C00F6DB4C /* ImagePickerView.swift */; };
		135489942B3B066D00F6DB4C /* LetterFormView.swift in Sources */ = {isa = PBXBuildFile; fileRef = 135489932B3B066D00F6DB4C /* LetterFormView.swift */; };
		135489962B3B209100F6DB4C /* Capsules.swift in Sources */ = {isa = PBXBuildFile; fileRef = 135489952B3B209100F6DB4C /* Capsules.swift */; };
		135489982B3B209E00F6DB4C /* Capsule.swift in Sources */ = {isa = PBXBuildFile; fileRef = 135489972B3B209E00F6DB4C /* Capsule.swift */; };
		1354899A2B3B2B4900F6DB4C /* User.swift in Sources */ = {isa = PBXBuildFile; fileRef = 135489992B3B2B4900F6DB4C /* User.swift */; };
		135489A02B3B3AAC00F6DB4C /* LocationManager.swift in Sources */ = {isa = PBXBuildFile; fileRef = 1354899F2B3B3AAC00F6DB4C /* LocationManager.swift */; };
		135489A22B3B3E1900F6DB4C /* Global.swift in Sources */ = {isa = PBXBuildFile; fileRef = 135489A12B3B3E1900F6DB4C /* Global.swift */; };
		135489A52B3B542000F6DB4C /* SwiftUIIntrospect in Frameworks */ = {isa = PBXBuildFile; productRef = 135489A42B3B542000F6DB4C /* SwiftUIIntrospect */; };
		135489A72B3B542000F6DB4C /* SwiftUIIntrospect-Dynamic in Frameworks */ = {isa = PBXBuildFile; productRef = 135489A62B3B542000F6DB4C /* SwiftUIIntrospect-Dynamic */; };
		135489A92B3B542000F6DB4C /* SwiftUIIntrospect-Static in Frameworks */ = {isa = PBXBuildFile; productRef = 135489A82B3B542000F6DB4C /* SwiftUIIntrospect-Static */; };
		13B2B9C22B3B782500B6FDDF /* LoginResponseDTO.swift in Sources */ = {isa = PBXBuildFile; fileRef = 13B2B9C12B3B782500B6FDDF /* LoginResponseDTO.swift */; };
		354722B2195E773E0B13D5E0 /* Pods_OnesFrontend.framework in Frameworks */ = {isa = PBXBuildFile; fileRef = 25619016F340BB4F2182A07A /* Pods_OnesFrontend.framework */; };
		6F8B58D92B3B72F6001C1527 /* LoginView.swift in Sources */ = {isa = PBXBuildFile; fileRef = 6F8B58D82B3B72F6001C1527 /* LoginView.swift */; };
		6F8B58DB2B3B7A74001C1527 /* CapsuleRoomRequestDTO.swift in Sources */ = {isa = PBXBuildFile; fileRef = 6F8B58DA2B3B7A74001C1527 /* CapsuleRoomRequestDTO.swift */; };
		6F8B58DD2B3B7B0C001C1527 /* CapsuleRoomService.swift in Sources */ = {isa = PBXBuildFile; fileRef = 6F8B58DC2B3B7B0C001C1527 /* CapsuleRoomService.swift */; };
		6F8B58DF2B3B7B6D001C1527 /* Constants.swift in Sources */ = {isa = PBXBuildFile; fileRef = 6F8B58DE2B3B7B6D001C1527 /* Constants.swift */; };
		6F8B58E12B3B7D45001C1527 /* CreateCapsuleRoomDTO.swift in Sources */ = {isa = PBXBuildFile; fileRef = 6F8B58E02B3B7D45001C1527 /* CreateCapsuleRoomDTO.swift */; };
		6F8B58E32B3B83F3001C1527 /* LocationService.swift in Sources */ = {isa = PBXBuildFile; fileRef = 6F8B58E22B3B83F3001C1527 /* LocationService.swift */; };
		6F8B58E52B3B8465001C1527 /* LocationAuthRequestDTO.swift in Sources */ = {isa = PBXBuildFile; fileRef = 6F8B58E42B3B8465001C1527 /* LocationAuthRequestDTO.swift */; };
		6FADA8822B3B336500750140 /* FetchCapsuleResponseDTO.swift in Sources */ = {isa = PBXBuildFile; fileRef = 6FADA8812B3B336500750140 /* FetchCapsuleResponseDTO.swift */; };
		6FADA8862B3B606500750140 /* CapsuleItemDetailView.swift in Sources */ = {isa = PBXBuildFile; fileRef = 6FADA8852B3B606500750140 /* CapsuleItemDetailView.swift */; };
		6FADA8882B3B690F00750140 /* HalfSheet.swift in Sources */ = {isa = PBXBuildFile; fileRef = 6FADA8872B3B690F00750140 /* HalfSheet.swift */; };
/* End PBXBuildFile section */

/* Begin PBXFileReference section */
		13474C5F2B3B606000EC7B6F /* CreateCapsuleView.swift */ = {isa = PBXFileReference; lastKnownFileType = sourcecode.swift; path = CreateCapsuleView.swift; sourceTree = "<group>"; };
		13474C612B3B6C0600EC7B6F /* EnterCapsuleView.swift */ = {isa = PBXFileReference; lastKnownFileType = sourcecode.swift; path = EnterCapsuleView.swift; sourceTree = "<group>"; };
		13474C632B3B728700EC7B6F /* SettingView.swift */ = {isa = PBXFileReference; lastKnownFileType = sourcecode.swift; path = SettingView.swift; sourceTree = "<group>"; };
		13474C652B3B738B00EC7B6F /* SignUpView.swift */ = {isa = PBXFileReference; lastKnownFileType = sourcecode.swift; path = SignUpView.swift; sourceTree = "<group>"; };
		13474C672B3B73BA00EC7B6F /* SignUpResponseDTO.swift */ = {isa = PBXFileReference; lastKnownFileType = sourcecode.swift; path = SignUpResponseDTO.swift; sourceTree = "<group>"; };
		1350FBD22B3ABB8E009DEBA4 /* OnesFrontend.app */ = {isa = PBXFileReference; explicitFileType = wrapper.application; includeInIndex = 0; path = OnesFrontend.app; sourceTree = BUILT_PRODUCTS_DIR; };
		1350FBD52B3ABB8E009DEBA4 /* OnesFrontendApp.swift */ = {isa = PBXFileReference; lastKnownFileType = sourcecode.swift; path = OnesFrontendApp.swift; sourceTree = "<group>"; };
		1350FBD72B3ABB8E009DEBA4 /* ContentView.swift */ = {isa = PBXFileReference; lastKnownFileType = sourcecode.swift; path = ContentView.swift; sourceTree = "<group>"; };
		1350FBD92B3ABB90009DEBA4 /* Assets.xcassets */ = {isa = PBXFileReference; lastKnownFileType = folder.assetcatalog; path = Assets.xcassets; sourceTree = "<group>"; };
		1350FBDC2B3ABB90009DEBA4 /* Preview Assets.xcassets */ = {isa = PBXFileReference; lastKnownFileType = folder.assetcatalog; path = "Preview Assets.xcassets"; sourceTree = "<group>"; };
		1350FBEA2B3ABC29009DEBA4 /* README.md */ = {isa = PBXFileReference; lastKnownFileType = net.daringfireball.markdown; path = README.md; sourceTree = "<group>"; };
		1350FBEB2B3ABC31009DEBA4 /* README.md */ = {isa = PBXFileReference; lastKnownFileType = net.daringfireball.markdown; path = README.md; sourceTree = "<group>"; };
		1350FBEC2B3ABC3A009DEBA4 /* README.md */ = {isa = PBXFileReference; lastKnownFileType = net.daringfireball.markdown; path = README.md; sourceTree = "<group>"; };
		1350FBED2B3ABC41009DEBA4 /* README.md */ = {isa = PBXFileReference; lastKnownFileType = net.daringfireball.markdown; path = README.md; sourceTree = "<group>"; };
		1350FBEE2B3ABC4A009DEBA4 /* README.md */ = {isa = PBXFileReference; lastKnownFileType = net.daringfireball.markdown; path = README.md; sourceTree = "<group>"; };
		1350FBEF2B3ABC51009DEBA4 /* README.md */ = {isa = PBXFileReference; lastKnownFileType = net.daringfireball.markdown; path = README.md; sourceTree = "<group>"; };
		1350FBF02B3ABC59009DEBA4 /* README.md */ = {isa = PBXFileReference; lastKnownFileType = net.daringfireball.markdown; path = README.md; sourceTree = "<group>"; };
		1350FBF12B3ABD4B009DEBA4 /* MainView.swift */ = {isa = PBXFileReference; lastKnownFileType = sourcecode.swift; path = MainView.swift; sourceTree = "<group>"; };
		1350FBF42B3ABE81009DEBA4 /* Color.swift */ = {isa = PBXFileReference; lastKnownFileType = sourcecode.swift; path = Color.swift; sourceTree = "<group>"; };
		1350FBF62B3AC30C009DEBA4 /* CapsuleMainItem.swift */ = {isa = PBXFileReference; lastKnownFileType = sourcecode.swift; path = CapsuleMainItem.swift; sourceTree = "<group>"; };
		1350FBF82B3ADAAD009DEBA4 /* Info.plist */ = {isa = PBXFileReference; lastKnownFileType = text.plist; path = Info.plist; sourceTree = "<group>"; };
		135489792B3AE29800F6DB4C /* MapView.swift */ = {isa = PBXFileReference; lastKnownFileType = sourcecode.swift; path = MapView.swift; sourceTree = "<group>"; };
		1354897E2B3AEE4C00F6DB4C /* NaverGeoCodeResponseDTO.swift */ = {isa = PBXFileReference; lastKnownFileType = sourcecode.swift; path = NaverGeoCodeResponseDTO.swift; sourceTree = "<group>"; };
		135489802B3AF5D100F6DB4C /* NaverLocalSearchResponseDTO.swift */ = {isa = PBXFileReference; lastKnownFileType = sourcecode.swift; path = NaverLocalSearchResponseDTO.swift; sourceTree = "<group>"; };
		135489822B3B055D00F6DB4C /* Border.swift */ = {isa = PBXFileReference; lastKnownFileType = sourcecode.swift; path = Border.swift; sourceTree = "<group>"; };
		135489842B3B057600F6DB4C /* View.swift */ = {isa = PBXFileReference; lastKnownFileType = sourcecode.swift; path = View.swift; sourceTree = "<group>"; };
		135489862B3B059E00F6DB4C /* LetterComponent.swift */ = {isa = PBXFileReference; lastKnownFileType = sourcecode.swift; path = LetterComponent.swift; sourceTree = "<group>"; };
		135489892B3B05C400F6DB4C /* PhotoComponent.swift */ = {isa = PBXFileReference; lastKnownFileType = sourcecode.swift; path = PhotoComponent.swift; sourceTree = "<group>"; };
		1354898B2B3B05DC00F6DB4C /* ImageAsset.swift */ = {isa = PBXFileReference; lastKnownFileType = sourcecode.swift; path = ImageAsset.swift; sourceTree = "<group>"; };
		1354898D2B3B05FB00F6DB4C /* ImagePickerViewModel.swift */ = {isa = PBXFileReference; lastKnownFileType = sourcecode.swift; path = ImagePickerViewModel.swift; sourceTree = "<group>"; };
		1354898F2B3B064800F6DB4C /* CapsuleItemFormView.swift */ = {isa = PBXFileReference; lastKnownFileType = sourcecode.swift; path = CapsuleItemFormView.swift; sourceTree = "<group>"; };
		135489912B3B065C00F6DB4C /* ImagePickerView.swift */ = {isa = PBXFileReference; lastKnownFileType = sourcecode.swift; path = ImagePickerView.swift; sourceTree = "<group>"; };
		135489932B3B066D00F6DB4C /* LetterFormView.swift */ = {isa = PBXFileReference; lastKnownFileType = sourcecode.swift; path = LetterFormView.swift; sourceTree = "<group>"; };
		135489952B3B209100F6DB4C /* Capsules.swift */ = {isa = PBXFileReference; lastKnownFileType = sourcecode.swift; path = Capsules.swift; sourceTree = "<group>"; };
		135489972B3B209E00F6DB4C /* Capsule.swift */ = {isa = PBXFileReference; lastKnownFileType = sourcecode.swift; path = Capsule.swift; sourceTree = "<group>"; };
		135489992B3B2B4900F6DB4C /* User.swift */ = {isa = PBXFileReference; lastKnownFileType = sourcecode.swift; path = User.swift; sourceTree = "<group>"; };
		1354899F2B3B3AAC00F6DB4C /* LocationManager.swift */ = {isa = PBXFileReference; lastKnownFileType = sourcecode.swift; path = LocationManager.swift; sourceTree = "<group>"; };
		135489A12B3B3E1900F6DB4C /* Global.swift */ = {isa = PBXFileReference; lastKnownFileType = sourcecode.swift; path = Global.swift; sourceTree = "<group>"; };
		13B2B9C12B3B782500B6FDDF /* LoginResponseDTO.swift */ = {isa = PBXFileReference; lastKnownFileType = sourcecode.swift; path = LoginResponseDTO.swift; sourceTree = "<group>"; };
		251A25B0823A4896651245AA /* Pods-OnesFrontend.debug.xcconfig */ = {isa = PBXFileReference; includeInIndex = 1; lastKnownFileType = text.xcconfig; name = "Pods-OnesFrontend.debug.xcconfig"; path = "Target Support Files/Pods-OnesFrontend/Pods-OnesFrontend.debug.xcconfig"; sourceTree = "<group>"; };
		25619016F340BB4F2182A07A /* Pods_OnesFrontend.framework */ = {isa = PBXFileReference; explicitFileType = wrapper.framework; includeInIndex = 0; path = Pods_OnesFrontend.framework; sourceTree = BUILT_PRODUCTS_DIR; };
		6F8B58D82B3B72F6001C1527 /* LoginView.swift */ = {isa = PBXFileReference; lastKnownFileType = sourcecode.swift; path = LoginView.swift; sourceTree = "<group>"; };
		6F8B58DA2B3B7A74001C1527 /* CapsuleRoomRequestDTO.swift */ = {isa = PBXFileReference; lastKnownFileType = sourcecode.swift; path = CapsuleRoomRequestDTO.swift; sourceTree = "<group>"; };
		6F8B58DC2B3B7B0C001C1527 /* CapsuleRoomService.swift */ = {isa = PBXFileReference; lastKnownFileType = sourcecode.swift; path = CapsuleRoomService.swift; sourceTree = "<group>"; };
		6F8B58DE2B3B7B6D001C1527 /* Constants.swift */ = {isa = PBXFileReference; lastKnownFileType = sourcecode.swift; path = Constants.swift; sourceTree = "<group>"; };
		6F8B58E02B3B7D45001C1527 /* CreateCapsuleRoomDTO.swift */ = {isa = PBXFileReference; lastKnownFileType = sourcecode.swift; path = CreateCapsuleRoomDTO.swift; sourceTree = "<group>"; };
		6F8B58E22B3B83F3001C1527 /* LocationService.swift */ = {isa = PBXFileReference; lastKnownFileType = sourcecode.swift; path = LocationService.swift; sourceTree = "<group>"; };
		6F8B58E42B3B8465001C1527 /* LocationAuthRequestDTO.swift */ = {isa = PBXFileReference; lastKnownFileType = sourcecode.swift; path = LocationAuthRequestDTO.swift; sourceTree = "<group>"; };
		6FADA8812B3B336500750140 /* FetchCapsuleResponseDTO.swift */ = {isa = PBXFileReference; lastKnownFileType = sourcecode.swift; path = FetchCapsuleResponseDTO.swift; sourceTree = "<group>"; };
		6FADA8852B3B606500750140 /* CapsuleItemDetailView.swift */ = {isa = PBXFileReference; lastKnownFileType = sourcecode.swift; path = CapsuleItemDetailView.swift; sourceTree = "<group>"; };
		6FADA8872B3B690F00750140 /* HalfSheet.swift */ = {isa = PBXFileReference; lastKnownFileType = sourcecode.swift; path = HalfSheet.swift; sourceTree = "<group>"; };
		94A8DB66E258A6F80C83F776 /* Pods-OnesFrontend.release.xcconfig */ = {isa = PBXFileReference; includeInIndex = 1; lastKnownFileType = text.xcconfig; name = "Pods-OnesFrontend.release.xcconfig"; path = "Target Support Files/Pods-OnesFrontend/Pods-OnesFrontend.release.xcconfig"; sourceTree = "<group>"; };
/* End PBXFileReference section */

/* Begin PBXFrameworksBuildPhase section */
		1350FBCF2B3ABB8E009DEBA4 /* Frameworks */ = {
			isa = PBXFrameworksBuildPhase;
			buildActionMask = 2147483647;
			files = (
				135489A52B3B542000F6DB4C /* SwiftUIIntrospect in Frameworks */,
				135489A72B3B542000F6DB4C /* SwiftUIIntrospect-Dynamic in Frameworks */,
				135489A92B3B542000F6DB4C /* SwiftUIIntrospect-Static in Frameworks */,
				354722B2195E773E0B13D5E0 /* Pods_OnesFrontend.framework in Frameworks */,
				1354897D2B3AEB2E00F6DB4C /* Alamofire in Frameworks */,
			);
			runOnlyForDeploymentPostprocessing = 0;
		};
/* End PBXFrameworksBuildPhase section */

/* Begin PBXGroup section */
		05311679B43EC2DFCFC838E7 /* Frameworks */ = {
			isa = PBXGroup;
			children = (
				25619016F340BB4F2182A07A /* Pods_OnesFrontend.framework */,
			);
			name = Frameworks;
			sourceTree = "<group>";
		};
		1350FBC92B3ABB8E009DEBA4 = {
			isa = PBXGroup;
			children = (
				1350FBD42B3ABB8E009DEBA4 /* OnesFrontend */,
				1350FBD32B3ABB8E009DEBA4 /* Products */,
				4788E1B505042E2010FB66DC /* Pods */,
				05311679B43EC2DFCFC838E7 /* Frameworks */,
			);
			sourceTree = "<group>";
		};
		1350FBD32B3ABB8E009DEBA4 /* Products */ = {
			isa = PBXGroup;
			children = (
				1350FBD22B3ABB8E009DEBA4 /* OnesFrontend.app */,
			);
			name = Products;
			sourceTree = "<group>";
		};
		1350FBD42B3ABB8E009DEBA4 /* OnesFrontend */ = {
			isa = PBXGroup;
			children = (
				1350FBF82B3ADAAD009DEBA4 /* Info.plist */,
				1350FBF32B3ABE76009DEBA4 /* Extensions */,
				1350FBE82B3ABC08009DEBA4 /* Views */,
				1350FBE72B3ABC00009DEBA4 /* ViewModels */,
				1350FBE62B3ABBF7009DEBA4 /* Utilities */,
				1350FBE52B3ABBF2009DEBA4 /* Services */,
				1350FBE42B3ABBEA009DEBA4 /* Models */,
				1350FBE32B3ABBE3009DEBA4 /* Components */,
				1350FBD52B3ABB8E009DEBA4 /* OnesFrontendApp.swift */,
				1350FBD72B3ABB8E009DEBA4 /* ContentView.swift */,
				1350FBD92B3ABB90009DEBA4 /* Assets.xcassets */,
				1350FBDB2B3ABB90009DEBA4 /* Preview Content */,
			);
			path = OnesFrontend;
			sourceTree = "<group>";
		};
		1350FBDB2B3ABB90009DEBA4 /* Preview Content */ = {
			isa = PBXGroup;
			children = (
				1350FBDC2B3ABB90009DEBA4 /* Preview Assets.xcassets */,
			);
			path = "Preview Content";
			sourceTree = "<group>";
		};
		1350FBE32B3ABBE3009DEBA4 /* Components */ = {
			isa = PBXGroup;
			children = (
				1350FBF02B3ABC59009DEBA4 /* README.md */,
				1350FBF62B3AC30C009DEBA4 /* CapsuleMainItem.swift */,
				135489792B3AE29800F6DB4C /* MapView.swift */,
				135489862B3B059E00F6DB4C /* LetterComponent.swift */,
				135489892B3B05C400F6DB4C /* PhotoComponent.swift */,
				6FADA8872B3B690F00750140 /* HalfSheet.swift */,
			);
			path = Components;
			sourceTree = "<group>";
		};
		1350FBE42B3ABBEA009DEBA4 /* Models */ = {
			isa = PBXGroup;
			children = (
				1350FBE92B3ABC13009DEBA4 /* DTO */,
				1350FBEE2B3ABC4A009DEBA4 /* README.md */,
				1354898B2B3B05DC00F6DB4C /* ImageAsset.swift */,
				135489952B3B209100F6DB4C /* Capsules.swift */,
				135489972B3B209E00F6DB4C /* Capsule.swift */,
				135489992B3B2B4900F6DB4C /* User.swift */,
			);
			path = Models;
			sourceTree = "<group>";
		};
		1350FBE52B3ABBF2009DEBA4 /* Services */ = {
			isa = PBXGroup;
			children = (
				1350FBED2B3ABC41009DEBA4 /* README.md */,
				6F8B58DC2B3B7B0C001C1527 /* CapsuleRoomService.swift */,
				6F8B58DE2B3B7B6D001C1527 /* Constants.swift */,
				6F8B58E22B3B83F3001C1527 /* LocationService.swift */,
			);
			path = Services;
			sourceTree = "<group>";
		};
		1350FBE62B3ABBF7009DEBA4 /* Utilities */ = {
			isa = PBXGroup;
			children = (
				1350FBEC2B3ABC3A009DEBA4 /* README.md */,
				1354899F2B3B3AAC00F6DB4C /* LocationManager.swift */,
				135489A12B3B3E1900F6DB4C /* Global.swift */,
			);
			path = Utilities;
			sourceTree = "<group>";
		};
		1350FBE72B3ABC00009DEBA4 /* ViewModels */ = {
			isa = PBXGroup;
			children = (
				1350FBEB2B3ABC31009DEBA4 /* README.md */,
				1354898D2B3B05FB00F6DB4C /* ImagePickerViewModel.swift */,
			);
			path = ViewModels;
			sourceTree = "<group>";
		};
		1350FBE82B3ABC08009DEBA4 /* Views */ = {
			isa = PBXGroup;
			children = (
				1350FBEA2B3ABC29009DEBA4 /* README.md */,
				1350FBF12B3ABD4B009DEBA4 /* MainView.swift */,
				1354898F2B3B064800F6DB4C /* CapsuleItemFormView.swift */,
				135489912B3B065C00F6DB4C /* ImagePickerView.swift */,
				135489932B3B066D00F6DB4C /* LetterFormView.swift */,
				6FADA8852B3B606500750140 /* CapsuleItemDetailView.swift */,
				13474C5F2B3B606000EC7B6F /* CreateCapsuleView.swift */,
				13474C612B3B6C0600EC7B6F /* EnterCapsuleView.swift */,
				13474C632B3B728700EC7B6F /* SettingView.swift */,
				13474C652B3B738B00EC7B6F /* SignUpView.swift */,
				6F8B58D82B3B72F6001C1527 /* LoginView.swift */,
			);
			path = Views;
			sourceTree = "<group>";
		};
		1350FBE92B3ABC13009DEBA4 /* DTO */ = {
			isa = PBXGroup;
			children = (
				1350FBEF2B3ABC51009DEBA4 /* README.md */,
				1354897E2B3AEE4C00F6DB4C /* NaverGeoCodeResponseDTO.swift */,
				135489802B3AF5D100F6DB4C /* NaverLocalSearchResponseDTO.swift */,
				6FADA8812B3B336500750140 /* FetchCapsuleResponseDTO.swift */,
				13474C672B3B73BA00EC7B6F /* SignUpResponseDTO.swift */,
				13B2B9C12B3B782500B6FDDF /* LoginResponseDTO.swift */,
				6F8B58DA2B3B7A74001C1527 /* CapsuleRoomRequestDTO.swift */,
				6F8B58E02B3B7D45001C1527 /* CreateCapsuleRoomDTO.swift */,
				6F8B58E42B3B8465001C1527 /* LocationAuthRequestDTO.swift */,
			);
			path = DTO;
			sourceTree = "<group>";
		};
		1350FBF32B3ABE76009DEBA4 /* Extensions */ = {
			isa = PBXGroup;
			children = (
				1350FBF42B3ABE81009DEBA4 /* Color.swift */,
				135489822B3B055D00F6DB4C /* Border.swift */,
				135489842B3B057600F6DB4C /* View.swift */,
			);
			path = Extensions;
			sourceTree = "<group>";
		};
		4788E1B505042E2010FB66DC /* Pods */ = {
			isa = PBXGroup;
			children = (
				251A25B0823A4896651245AA /* Pods-OnesFrontend.debug.xcconfig */,
				94A8DB66E258A6F80C83F776 /* Pods-OnesFrontend.release.xcconfig */,
			);
			path = Pods;
			sourceTree = "<group>";
		};
/* End PBXGroup section */

/* Begin PBXNativeTarget section */
		1350FBD12B3ABB8E009DEBA4 /* OnesFrontend */ = {
			isa = PBXNativeTarget;
			buildConfigurationList = 1350FBE02B3ABB90009DEBA4 /* Build configuration list for PBXNativeTarget "OnesFrontend" */;
			buildPhases = (
				56CE622AE263829E170309A3 /* [CP] Check Pods Manifest.lock */,
				1350FBCE2B3ABB8E009DEBA4 /* Sources */,
				1350FBCF2B3ABB8E009DEBA4 /* Frameworks */,
				1350FBD02B3ABB8E009DEBA4 /* Resources */,
				36CB41EB8D43F85644F967F7 /* [CP] Embed Pods Frameworks */,
			);
			buildRules = (
			);
			dependencies = (
			);
			name = OnesFrontend;
			packageProductDependencies = (
				1354897C2B3AEB2E00F6DB4C /* Alamofire */,
				135489A42B3B542000F6DB4C /* SwiftUIIntrospect */,
				135489A62B3B542000F6DB4C /* SwiftUIIntrospect-Dynamic */,
				135489A82B3B542000F6DB4C /* SwiftUIIntrospect-Static */,
			);
			productName = OnesFrontend;
			productReference = 1350FBD22B3ABB8E009DEBA4 /* OnesFrontend.app */;
			productType = "com.apple.product-type.application";
		};
/* End PBXNativeTarget section */

/* Begin PBXProject section */
		1350FBCA2B3ABB8E009DEBA4 /* Project object */ = {
			isa = PBXProject;
			attributes = {
				BuildIndependentTargetsInParallel = 1;
				LastSwiftUpdateCheck = 1510;
				LastUpgradeCheck = 1510;
				TargetAttributes = {
					1350FBD12B3ABB8E009DEBA4 = {
						CreatedOnToolsVersion = 15.1;
					};
				};
			};
			buildConfigurationList = 1350FBCD2B3ABB8E009DEBA4 /* Build configuration list for PBXProject "OnesFrontend" */;
			compatibilityVersion = "Xcode 14.0";
			developmentRegion = en;
			hasScannedForEncodings = 0;
			knownRegions = (
				en,
				Base,
			);
			mainGroup = 1350FBC92B3ABB8E009DEBA4;
			packageReferences = (
				1354897B2B3AEB2D00F6DB4C /* XCRemoteSwiftPackageReference "Alamofire" */,
				135489A32B3B542000F6DB4C /* XCRemoteSwiftPackageReference "swiftui-introspect" */,
			);
			productRefGroup = 1350FBD32B3ABB8E009DEBA4 /* Products */;
			projectDirPath = "";
			projectRoot = "";
			targets = (
				1350FBD12B3ABB8E009DEBA4 /* OnesFrontend */,
			);
		};
/* End PBXProject section */

/* Begin PBXResourcesBuildPhase section */
		1350FBD02B3ABB8E009DEBA4 /* Resources */ = {
			isa = PBXResourcesBuildPhase;
			buildActionMask = 2147483647;
			files = (
				1350FBDD2B3ABB90009DEBA4 /* Preview Assets.xcassets in Resources */,
				1350FBDA2B3ABB90009DEBA4 /* Assets.xcassets in Resources */,
			);
			runOnlyForDeploymentPostprocessing = 0;
		};
/* End PBXResourcesBuildPhase section */

/* Begin PBXShellScriptBuildPhase section */
		36CB41EB8D43F85644F967F7 /* [CP] Embed Pods Frameworks */ = {
			isa = PBXShellScriptBuildPhase;
			buildActionMask = 2147483647;
			files = (
			);
			inputFileListPaths = (
				"${PODS_ROOT}/Target Support Files/Pods-OnesFrontend/Pods-OnesFrontend-frameworks-${CONFIGURATION}-input-files.xcfilelist",
			);
			name = "[CP] Embed Pods Frameworks";
			outputFileListPaths = (
				"${PODS_ROOT}/Target Support Files/Pods-OnesFrontend/Pods-OnesFrontend-frameworks-${CONFIGURATION}-output-files.xcfilelist",
			);
			runOnlyForDeploymentPostprocessing = 0;
			shellPath = /bin/sh;
			shellScript = "\"${PODS_ROOT}/Target Support Files/Pods-OnesFrontend/Pods-OnesFrontend-frameworks.sh\"\n";
			showEnvVarsInLog = 0;
		};
		56CE622AE263829E170309A3 /* [CP] Check Pods Manifest.lock */ = {
			isa = PBXShellScriptBuildPhase;
			buildActionMask = 2147483647;
			files = (
			);
			inputFileListPaths = (
			);
			inputPaths = (
				"${PODS_PODFILE_DIR_PATH}/Podfile.lock",
				"${PODS_ROOT}/Manifest.lock",
			);
			name = "[CP] Check Pods Manifest.lock";
			outputFileListPaths = (
			);
			outputPaths = (
				"$(DERIVED_FILE_DIR)/Pods-OnesFrontend-checkManifestLockResult.txt",
			);
			runOnlyForDeploymentPostprocessing = 0;
			shellPath = /bin/sh;
			shellScript = "diff \"${PODS_PODFILE_DIR_PATH}/Podfile.lock\" \"${PODS_ROOT}/Manifest.lock\" > /dev/null\nif [ $? != 0 ] ; then\n    # print error to STDERR\n    echo \"error: The sandbox is not in sync with the Podfile.lock. Run 'pod install' or update your CocoaPods installation.\" >&2\n    exit 1\nfi\n# This output is used by Xcode 'outputs' to avoid re-running this script phase.\necho \"SUCCESS\" > \"${SCRIPT_OUTPUT_FILE_0}\"\n";
			showEnvVarsInLog = 0;
		};
/* End PBXShellScriptBuildPhase section */

/* Begin PBXSourcesBuildPhase section */
		1350FBCE2B3ABB8E009DEBA4 /* Sources */ = {
			isa = PBXSourcesBuildPhase;
			buildActionMask = 2147483647;
			files = (
				13B2B9C22B3B782500B6FDDF /* LoginResponseDTO.swift in Sources */,
				6FADA8862B3B606500750140 /* CapsuleItemDetailView.swift in Sources */,
				6F8B58DB2B3B7A74001C1527 /* CapsuleRoomRequestDTO.swift in Sources */,
				1354898E2B3B05FB00F6DB4C /* ImagePickerViewModel.swift in Sources */,
				1350FBD82B3ABB8E009DEBA4 /* ContentView.swift in Sources */,
				135489832B3B055D00F6DB4C /* Border.swift in Sources */,
				135489852B3B057600F6DB4C /* View.swift in Sources */,
				1354897A2B3AE29800F6DB4C /* MapView.swift in Sources */,
				1354898C2B3B05DC00F6DB4C /* ImageAsset.swift in Sources */,
				1354898A2B3B05C400F6DB4C /* PhotoComponent.swift in Sources */,
				135489A22B3B3E1900F6DB4C /* Global.swift in Sources */,
				1350FBF52B3ABE81009DEBA4 /* Color.swift in Sources */,
				6FADA8822B3B336500750140 /* FetchCapsuleResponseDTO.swift in Sources */,
				6F8B58E32B3B83F3001C1527 /* LocationService.swift in Sources */,
				1354899A2B3B2B4900F6DB4C /* User.swift in Sources */,
				135489982B3B209E00F6DB4C /* Capsule.swift in Sources */,
				135489942B3B066D00F6DB4C /* LetterFormView.swift in Sources */,
				13474C682B3B73BA00EC7B6F /* SignUpResponseDTO.swift in Sources */,
				135489872B3B059E00F6DB4C /* LetterComponent.swift in Sources */,
				6F8B58E12B3B7D45001C1527 /* CreateCapsuleRoomDTO.swift in Sources */,
				1354897F2B3AEE4C00F6DB4C /* NaverGeoCodeResponseDTO.swift in Sources */,
				135489A02B3B3AAC00F6DB4C /* LocationManager.swift in Sources */,
				6F8B58E52B3B8465001C1527 /* LocationAuthRequestDTO.swift in Sources */,
				13474C642B3B728700EC7B6F /* SettingView.swift in Sources */,
				135489962B3B209100F6DB4C /* Capsules.swift in Sources */,
				1350FBF72B3AC30C009DEBA4 /* CapsuleMainItem.swift in Sources */,
				135489812B3AF5D100F6DB4C /* NaverLocalSearchResponseDTO.swift in Sources */,
				135489922B3B065C00F6DB4C /* ImagePickerView.swift in Sources */,
				6F8B58DF2B3B7B6D001C1527 /* Constants.swift in Sources */,
				1350FBF22B3ABD4B009DEBA4 /* MainView.swift in Sources */,
				6F8B58DD2B3B7B0C001C1527 /* CapsuleRoomService.swift in Sources */,
				6F8B58D92B3B72F6001C1527 /* LoginView.swift in Sources */,
				135489902B3B064800F6DB4C /* CapsuleItemFormView.swift in Sources */,
				6FADA8882B3B690F00750140 /* HalfSheet.swift in Sources */,
				13474C602B3B606000EC7B6F /* CreateCapsuleView.swift in Sources */,
				13474C662B3B738B00EC7B6F /* SignUpView.swift in Sources */,
				13474C622B3B6C0600EC7B6F /* EnterCapsuleView.swift in Sources */,
				1350FBD62B3ABB8E009DEBA4 /* OnesFrontendApp.swift in Sources */,
			);
			runOnlyForDeploymentPostprocessing = 0;
		};
/* End PBXSourcesBuildPhase section */

/* Begin XCBuildConfiguration section */
		1350FBDE2B3ABB90009DEBA4 /* Debug */ = {
			isa = XCBuildConfiguration;
			buildSettings = {
				ALWAYS_SEARCH_USER_PATHS = NO;
				ASSETCATALOG_COMPILER_GENERATE_SWIFT_ASSET_SYMBOL_EXTENSIONS = YES;
				CLANG_ANALYZER_NONNULL = YES;
				CLANG_ANALYZER_NUMBER_OBJECT_CONVERSION = YES_AGGRESSIVE;
				CLANG_CXX_LANGUAGE_STANDARD = "gnu++20";
				CLANG_ENABLE_MODULES = YES;
				CLANG_ENABLE_OBJC_ARC = YES;
				CLANG_ENABLE_OBJC_WEAK = YES;
				CLANG_WARN_BLOCK_CAPTURE_AUTORELEASING = YES;
				CLANG_WARN_BOOL_CONVERSION = YES;
				CLANG_WARN_COMMA = YES;
				CLANG_WARN_CONSTANT_CONVERSION = YES;
				CLANG_WARN_DEPRECATED_OBJC_IMPLEMENTATIONS = YES;
				CLANG_WARN_DIRECT_OBJC_ISA_USAGE = YES_ERROR;
				CLANG_WARN_DOCUMENTATION_COMMENTS = YES;
				CLANG_WARN_EMPTY_BODY = YES;
				CLANG_WARN_ENUM_CONVERSION = YES;
				CLANG_WARN_INFINITE_RECURSION = YES;
				CLANG_WARN_INT_CONVERSION = YES;
				CLANG_WARN_NON_LITERAL_NULL_CONVERSION = YES;
				CLANG_WARN_OBJC_IMPLICIT_RETAIN_SELF = YES;
				CLANG_WARN_OBJC_LITERAL_CONVERSION = YES;
				CLANG_WARN_OBJC_ROOT_CLASS = YES_ERROR;
				CLANG_WARN_QUOTED_INCLUDE_IN_FRAMEWORK_HEADER = YES;
				CLANG_WARN_RANGE_LOOP_ANALYSIS = YES;
				CLANG_WARN_STRICT_PROTOTYPES = YES;
				CLANG_WARN_SUSPICIOUS_MOVE = YES;
				CLANG_WARN_UNGUARDED_AVAILABILITY = YES_AGGRESSIVE;
				CLANG_WARN_UNREACHABLE_CODE = YES;
				CLANG_WARN__DUPLICATE_METHOD_MATCH = YES;
				COPY_PHASE_STRIP = NO;
				DEBUG_INFORMATION_FORMAT = dwarf;
				ENABLE_STRICT_OBJC_MSGSEND = YES;
				ENABLE_TESTABILITY = YES;
				ENABLE_USER_SCRIPT_SANDBOXING = YES;
				GCC_C_LANGUAGE_STANDARD = gnu17;
				GCC_DYNAMIC_NO_PIC = NO;
				GCC_NO_COMMON_BLOCKS = YES;
				GCC_OPTIMIZATION_LEVEL = 0;
				GCC_PREPROCESSOR_DEFINITIONS = (
					"DEBUG=1",
					"$(inherited)",
				);
				GCC_WARN_64_TO_32_BIT_CONVERSION = YES;
				GCC_WARN_ABOUT_RETURN_TYPE = YES_ERROR;
				GCC_WARN_UNDECLARED_SELECTOR = YES;
				GCC_WARN_UNINITIALIZED_AUTOS = YES_AGGRESSIVE;
				GCC_WARN_UNUSED_FUNCTION = YES;
				GCC_WARN_UNUSED_VARIABLE = YES;
				IPHONEOS_DEPLOYMENT_TARGET = 17.2;
				LOCALIZATION_PREFERS_STRING_CATALOGS = YES;
				MTL_ENABLE_DEBUG_INFO = INCLUDE_SOURCE;
				MTL_FAST_MATH = YES;
				ONLY_ACTIVE_ARCH = YES;
				SDKROOT = iphoneos;
				SWIFT_ACTIVE_COMPILATION_CONDITIONS = "DEBUG $(inherited)";
				SWIFT_OPTIMIZATION_LEVEL = "-Onone";
			};
			name = Debug;
		};
		1350FBDF2B3ABB90009DEBA4 /* Release */ = {
			isa = XCBuildConfiguration;
			buildSettings = {
				ALWAYS_SEARCH_USER_PATHS = NO;
				ASSETCATALOG_COMPILER_GENERATE_SWIFT_ASSET_SYMBOL_EXTENSIONS = YES;
				CLANG_ANALYZER_NONNULL = YES;
				CLANG_ANALYZER_NUMBER_OBJECT_CONVERSION = YES_AGGRESSIVE;
				CLANG_CXX_LANGUAGE_STANDARD = "gnu++20";
				CLANG_ENABLE_MODULES = YES;
				CLANG_ENABLE_OBJC_ARC = YES;
				CLANG_ENABLE_OBJC_WEAK = YES;
				CLANG_WARN_BLOCK_CAPTURE_AUTORELEASING = YES;
				CLANG_WARN_BOOL_CONVERSION = YES;
				CLANG_WARN_COMMA = YES;
				CLANG_WARN_CONSTANT_CONVERSION = YES;
				CLANG_WARN_DEPRECATED_OBJC_IMPLEMENTATIONS = YES;
				CLANG_WARN_DIRECT_OBJC_ISA_USAGE = YES_ERROR;
				CLANG_WARN_DOCUMENTATION_COMMENTS = YES;
				CLANG_WARN_EMPTY_BODY = YES;
				CLANG_WARN_ENUM_CONVERSION = YES;
				CLANG_WARN_INFINITE_RECURSION = YES;
				CLANG_WARN_INT_CONVERSION = YES;
				CLANG_WARN_NON_LITERAL_NULL_CONVERSION = YES;
				CLANG_WARN_OBJC_IMPLICIT_RETAIN_SELF = YES;
				CLANG_WARN_OBJC_LITERAL_CONVERSION = YES;
				CLANG_WARN_OBJC_ROOT_CLASS = YES_ERROR;
				CLANG_WARN_QUOTED_INCLUDE_IN_FRAMEWORK_HEADER = YES;
				CLANG_WARN_RANGE_LOOP_ANALYSIS = YES;
				CLANG_WARN_STRICT_PROTOTYPES = YES;
				CLANG_WARN_SUSPICIOUS_MOVE = YES;
				CLANG_WARN_UNGUARDED_AVAILABILITY = YES_AGGRESSIVE;
				CLANG_WARN_UNREACHABLE_CODE = YES;
				CLANG_WARN__DUPLICATE_METHOD_MATCH = YES;
				COPY_PHASE_STRIP = NO;
				DEBUG_INFORMATION_FORMAT = "dwarf-with-dsym";
				ENABLE_NS_ASSERTIONS = NO;
				ENABLE_STRICT_OBJC_MSGSEND = YES;
				ENABLE_USER_SCRIPT_SANDBOXING = YES;
				GCC_C_LANGUAGE_STANDARD = gnu17;
				GCC_NO_COMMON_BLOCKS = YES;
				GCC_WARN_64_TO_32_BIT_CONVERSION = YES;
				GCC_WARN_ABOUT_RETURN_TYPE = YES_ERROR;
				GCC_WARN_UNDECLARED_SELECTOR = YES;
				GCC_WARN_UNINITIALIZED_AUTOS = YES_AGGRESSIVE;
				GCC_WARN_UNUSED_FUNCTION = YES;
				GCC_WARN_UNUSED_VARIABLE = YES;
				IPHONEOS_DEPLOYMENT_TARGET = 17.2;
				LOCALIZATION_PREFERS_STRING_CATALOGS = YES;
				MTL_ENABLE_DEBUG_INFO = NO;
				MTL_FAST_MATH = YES;
				SDKROOT = iphoneos;
				SWIFT_COMPILATION_MODE = wholemodule;
				VALIDATE_PRODUCT = YES;
			};
			name = Release;
		};
		1350FBE12B3ABB90009DEBA4 /* Debug */ = {
			isa = XCBuildConfiguration;
			baseConfigurationReference = 251A25B0823A4896651245AA /* Pods-OnesFrontend.debug.xcconfig */;
			buildSettings = {
				ASSETCATALOG_COMPILER_APPICON_NAME = AppIcon;
				ASSETCATALOG_COMPILER_GLOBAL_ACCENT_COLOR_NAME = AccentColor;
				CODE_SIGN_STYLE = Automatic;
				CURRENT_PROJECT_VERSION = 1;
				DEVELOPMENT_ASSET_PATHS = "\"OnesFrontend/Preview Content\"";
				ENABLE_PREVIEWS = YES;
				ENABLE_USER_SCRIPT_SANDBOXING = NO;
				GENERATE_INFOPLIST_FILE = YES;
				INFOPLIST_FILE = OnesFrontend/Info.plist;
				INFOPLIST_KEY_NSLocationAlwaysAndWhenInUseUsageDescription = "위치 정보가 필요합니다.";
				INFOPLIST_KEY_NSLocationWhenInUseUsageDescription = "위치 정보가 필요합니다.";
				INFOPLIST_KEY_NSPhotoLibraryUsageDescription = "원스에서 앨범에 접근합니다.";
				INFOPLIST_KEY_UIApplicationSceneManifest_Generation = YES;
				INFOPLIST_KEY_UIApplicationSupportsIndirectInputEvents = YES;
				INFOPLIST_KEY_UILaunchScreen_Generation = YES;
				INFOPLIST_KEY_UISupportedInterfaceOrientations_iPad = "UIInterfaceOrientationPortrait UIInterfaceOrientationPortraitUpsideDown UIInterfaceOrientationLandscapeLeft UIInterfaceOrientationLandscapeRight";
				INFOPLIST_KEY_UISupportedInterfaceOrientations_iPhone = "UIInterfaceOrientationPortrait UIInterfaceOrientationLandscapeLeft UIInterfaceOrientationLandscapeRight";
				LD_RUNPATH_SEARCH_PATHS = (
					"$(inherited)",
					"@executable_path/Frameworks",
				);
				MARKETING_VERSION = 1.0;
				PRODUCT_BUNDLE_IDENTIFIER = ones.OnesFrontend;
				PRODUCT_NAME = "$(TARGET_NAME)";
				SWIFT_EMIT_LOC_STRINGS = YES;
				SWIFT_VERSION = 5.0;
				TARGETED_DEVICE_FAMILY = "1,2";
			};
			name = Debug;
		};
		1350FBE22B3ABB90009DEBA4 /* Release */ = {
			isa = XCBuildConfiguration;
			baseConfigurationReference = 94A8DB66E258A6F80C83F776 /* Pods-OnesFrontend.release.xcconfig */;
			buildSettings = {
				ASSETCATALOG_COMPILER_APPICON_NAME = AppIcon;
				ASSETCATALOG_COMPILER_GLOBAL_ACCENT_COLOR_NAME = AccentColor;
				CODE_SIGN_STYLE = Automatic;
				CURRENT_PROJECT_VERSION = 1;
				DEVELOPMENT_ASSET_PATHS = "\"OnesFrontend/Preview Content\"";
				ENABLE_PREVIEWS = YES;
				ENABLE_USER_SCRIPT_SANDBOXING = NO;
				GENERATE_INFOPLIST_FILE = YES;
				INFOPLIST_FILE = OnesFrontend/Info.plist;
				INFOPLIST_KEY_NSLocationAlwaysAndWhenInUseUsageDescription = "위치 정보가 필요합니다.";
				INFOPLIST_KEY_NSLocationWhenInUseUsageDescription = "위치 정보가 필요합니다.";
				INFOPLIST_KEY_NSPhotoLibraryUsageDescription = "원스에서 앨범에 접근합니다.";
				INFOPLIST_KEY_UIApplicationSceneManifest_Generation = YES;
				INFOPLIST_KEY_UIApplicationSupportsIndirectInputEvents = YES;
				INFOPLIST_KEY_UILaunchScreen_Generation = YES;
				INFOPLIST_KEY_UISupportedInterfaceOrientations_iPad = "UIInterfaceOrientationPortrait UIInterfaceOrientationPortraitUpsideDown UIInterfaceOrientationLandscapeLeft UIInterfaceOrientationLandscapeRight";
				INFOPLIST_KEY_UISupportedInterfaceOrientations_iPhone = "UIInterfaceOrientationPortrait UIInterfaceOrientationLandscapeLeft UIInterfaceOrientationLandscapeRight";
				LD_RUNPATH_SEARCH_PATHS = (
					"$(inherited)",
					"@executable_path/Frameworks",
				);
				MARKETING_VERSION = 1.0;
				PRODUCT_BUNDLE_IDENTIFIER = ones.OnesFrontend;
				PRODUCT_NAME = "$(TARGET_NAME)";
				SWIFT_EMIT_LOC_STRINGS = YES;
				SWIFT_VERSION = 5.0;
				TARGETED_DEVICE_FAMILY = "1,2";
			};
			name = Release;
		};
/* End XCBuildConfiguration section */

/* Begin XCConfigurationList section */
		1350FBCD2B3ABB8E009DEBA4 /* Build configuration list for PBXProject "OnesFrontend" */ = {
			isa = XCConfigurationList;
			buildConfigurations = (
				1350FBDE2B3ABB90009DEBA4 /* Debug */,
				1350FBDF2B3ABB90009DEBA4 /* Release */,
			);
			defaultConfigurationIsVisible = 0;
			defaultConfigurationName = Release;
		};
		1350FBE02B3ABB90009DEBA4 /* Build configuration list for PBXNativeTarget "OnesFrontend" */ = {
			isa = XCConfigurationList;
			buildConfigurations = (
				1350FBE12B3ABB90009DEBA4 /* Debug */,
				1350FBE22B3ABB90009DEBA4 /* Release */,
			);
			defaultConfigurationIsVisible = 0;
			defaultConfigurationName = Release;
		};
/* End XCConfigurationList section */

/* Begin XCRemoteSwiftPackageReference section */
		1354897B2B3AEB2D00F6DB4C /* XCRemoteSwiftPackageReference "Alamofire" */ = {
			isa = XCRemoteSwiftPackageReference;
			repositoryURL = "https://github.com/Alamofire/Alamofire";
			requirement = {
				kind = upToNextMajorVersion;
				minimumVersion = 5.8.1;
			};
		};
		135489A32B3B542000F6DB4C /* XCRemoteSwiftPackageReference "swiftui-introspect" */ = {
			isa = XCRemoteSwiftPackageReference;
			repositoryURL = "https://github.com/siteline/swiftui-introspect";
			requirement = {
				kind = upToNextMajorVersion;
				minimumVersion = 1.1.1;
			};
		};
/* End XCRemoteSwiftPackageReference section */

/* Begin XCSwiftPackageProductDependency section */
		1354897C2B3AEB2E00F6DB4C /* Alamofire */ = {
			isa = XCSwiftPackageProductDependency;
			package = 1354897B2B3AEB2D00F6DB4C /* XCRemoteSwiftPackageReference "Alamofire" */;
			productName = Alamofire;
		};
		135489A42B3B542000F6DB4C /* SwiftUIIntrospect */ = {
			isa = XCSwiftPackageProductDependency;
			package = 135489A32B3B542000F6DB4C /* XCRemoteSwiftPackageReference "swiftui-introspect" */;
			productName = SwiftUIIntrospect;
		};
		135489A62B3B542000F6DB4C /* SwiftUIIntrospect-Dynamic */ = {
			isa = XCSwiftPackageProductDependency;
			package = 135489A32B3B542000F6DB4C /* XCRemoteSwiftPackageReference "swiftui-introspect" */;
			productName = "SwiftUIIntrospect-Dynamic";
		};
		135489A82B3B542000F6DB4C /* SwiftUIIntrospect-Static */ = {
			isa = XCSwiftPackageProductDependency;
			package = 135489A32B3B542000F6DB4C /* XCRemoteSwiftPackageReference "swiftui-introspect" */;
			productName = "SwiftUIIntrospect-Static";
		};
/* End XCSwiftPackageProductDependency section */
	};
	rootObject = 1350FBCA2B3ABB8E009DEBA4 /* Project object */;
}
