// !$*UTF8*$!
{
	archiveVersion = 1;
	classes = {
	};
	objectVersion = 56;
	objects = {

/* Begin PBXBuildFile section */
		1350FBD62B3ABB8E009DEBA4 /* OnesFrontendApp.swift in Sources */ = {isa = PBXBuildFile; fileRef = 1350FBD52B3ABB8E009DEBA4 /* OnesFrontendApp.swift */; };
		1350FBD82B3ABB8E009DEBA4 /* ContentView.swift in Sources */ = {isa = PBXBuildFile; fileRef = 1350FBD72B3ABB8E009DEBA4 /* ContentView.swift */; };
		1350FBDA2B3ABB90009DEBA4 /* Assets.xcassets in Resources */ = {isa = PBXBuildFile; fileRef = 1350FBD92B3ABB90009DEBA4 /* Assets.xcassets */; };
		1350FBDD2B3ABB90009DEBA4 /* Preview Assets.xcassets in Resources */ = {isa = PBXBuildFile; fileRef = 1350FBDC2B3ABB90009DEBA4 /* Preview Assets.xcassets */; };
		6F2F749C2B3ADCB90095EF99 /* Color.swift in Sources */ = {isa = PBXBuildFile; fileRef = 6F2F749B2B3ADCB90095EF99 /* Color.swift */; };
		6F2F74A22B3AE7670095EF99 /* ImagePickerView.swift in Sources */ = {isa = PBXBuildFile; fileRef = 6F2F74A12B3AE7670095EF99 /* ImagePickerView.swift */; };
		6F2F74A42B3AE7F80095EF99 /* ImagePickerViewModel.swift in Sources */ = {isa = PBXBuildFile; fileRef = 6F2F74A32B3AE7F80095EF99 /* ImagePickerViewModel.swift */; };
		6F2F74A62B3AE8450095EF99 /* ImageAsset.swift in Sources */ = {isa = PBXBuildFile; fileRef = 6F2F74A52B3AE8450095EF99 /* ImageAsset.swift */; };
		6F2F74A92B3AE8950095EF99 /* Border.swift in Sources */ = {isa = PBXBuildFile; fileRef = 6F2F74A82B3AE8950095EF99 /* Border.swift */; };
		6F2F74AB2B3AF64E0095EF99 /* LetterFormView.swift in Sources */ = {isa = PBXBuildFile; fileRef = 6F2F74AA2B3AF64E0095EF99 /* LetterFormView.swift */; };
		6F2F74AD2B3AFA1C0095EF99 /* Views.swift in Sources */ = {isa = PBXBuildFile; fileRef = 6F2F74AC2B3AFA1C0095EF99 /* Views.swift */; };
		6FD4AA7C2B3ABF0200C7A6F8 /* CapsuleItemFormView.swift in Sources */ = {isa = PBXBuildFile; fileRef = 6FD4AA7B2B3ABF0200C7A6F8 /* CapsuleItemFormView.swift */; };
		6FD4AA7E2B3AC1FC00C7A6F8 /* PhotoComponent.swift in Sources */ = {isa = PBXBuildFile; fileRef = 6FD4AA7D2B3AC1FC00C7A6F8 /* PhotoComponent.swift */; };
		6FD4AA802B3AD39E00C7A6F8 /* LetterComponent.swift in Sources */ = {isa = PBXBuildFile; fileRef = 6FD4AA7F2B3AD39E00C7A6F8 /* LetterComponent.swift */; };
/* End PBXBuildFile section */

/* Begin PBXFileReference section */
		1350FBD22B3ABB8E009DEBA4 /* OnesFrontend.app */ = {isa = PBXFileReference; explicitFileType = wrapper.application; includeInIndex = 0; path = OnesFrontend.app; sourceTree = BUILT_PRODUCTS_DIR; };
		1350FBD52B3ABB8E009DEBA4 /* OnesFrontendApp.swift */ = {isa = PBXFileReference; lastKnownFileType = sourcecode.swift; path = OnesFrontendApp.swift; sourceTree = "<group>"; };
		1350FBD72B3ABB8E009DEBA4 /* ContentView.swift */ = {isa = PBXFileReference; lastKnownFileType = sourcecode.swift; path = ContentView.swift; sourceTree = "<group>"; };
		1350FBD92B3ABB90009DEBA4 /* Assets.xcassets */ = {isa = PBXFileReference; lastKnownFileType = folder.assetcatalog; path = Assets.xcassets; sourceTree = "<group>"; };
		1350FBDC2B3ABB90009DEBA4 /* Preview Assets.xcassets */ = {isa = PBXFileReference; lastKnownFileType = folder.assetcatalog; path = "Preview Assets.xcassets"; sourceTree = "<group>"; };
		1350FBEA2B3ABC29009DEBA4 /* README.md */ = {isa = PBXFileReference; lastKnownFileType = net.daringfireball.markdown; path = README.md; sourceTree = "<group>"; };
		1350FBEB2B3ABC31009DEBA4 /* README.md */ = {isa = PBXFileReference; lastKnownFileType = net.daringfireball.markdown; path = README.md; sourceTree = "<group>"; };
		1350FBEC2B3ABC3A009DEBA4 /* README.md */ = {isa = PBXFileReference; lastKnownFileType = net.daringfireball.markdown; path = README.md; sourceTree = "<group>"; };
		1350FBED2B3ABC41009DEBA4 /* README.md */ = {isa = PBXFileReference; lastKnownFileType = net.daringfireball.markdown; path = README.md; sourceTree = "<group>"; };
		1350FBEE2B3ABC4A009DEBA4 /* README.md */ = {isa = PBXFileReference; lastKnownFileType = net.daringfireball.markdown; path = README.md; sourceTree = "<group>"; };
		1350FBEF2B3ABC51009DEBA4 /* README.md */ = {isa = PBXFileReference; lastKnownFileType = net.daringfireball.markdown; path = README.md; sourceTree = "<group>"; };
		1350FBF02B3ABC59009DEBA4 /* README.md */ = {isa = PBXFileReference; lastKnownFileType = net.daringfireball.markdown; path = README.md; sourceTree = "<group>"; };
		6F2F749B2B3ADCB90095EF99 /* Color.swift */ = {isa = PBXFileReference; lastKnownFileType = sourcecode.swift; path = Color.swift; sourceTree = "<group>"; };
		6F2F74A12B3AE7670095EF99 /* ImagePickerView.swift */ = {isa = PBXFileReference; lastKnownFileType = sourcecode.swift; path = ImagePickerView.swift; sourceTree = "<group>"; };
		6F2F74A32B3AE7F80095EF99 /* ImagePickerViewModel.swift */ = {isa = PBXFileReference; lastKnownFileType = sourcecode.swift; path = ImagePickerViewModel.swift; sourceTree = "<group>"; };
		6F2F74A52B3AE8450095EF99 /* ImageAsset.swift */ = {isa = PBXFileReference; lastKnownFileType = sourcecode.swift; path = ImageAsset.swift; sourceTree = "<group>"; };
		6F2F74A82B3AE8950095EF99 /* Border.swift */ = {isa = PBXFileReference; lastKnownFileType = sourcecode.swift; path = Border.swift; sourceTree = "<group>"; };
		6F2F74AA2B3AF64E0095EF99 /* LetterFormView.swift */ = {isa = PBXFileReference; lastKnownFileType = sourcecode.swift; path = LetterFormView.swift; sourceTree = "<group>"; };
		6F2F74AC2B3AFA1C0095EF99 /* Views.swift */ = {isa = PBXFileReference; lastKnownFileType = sourcecode.swift; path = Views.swift; sourceTree = "<group>"; };
		6FD4AA7B2B3ABF0200C7A6F8 /* CapsuleItemFormView.swift */ = {isa = PBXFileReference; lastKnownFileType = sourcecode.swift; path = CapsuleItemFormView.swift; sourceTree = "<group>"; };
		6FD4AA7D2B3AC1FC00C7A6F8 /* PhotoComponent.swift */ = {isa = PBXFileReference; lastKnownFileType = sourcecode.swift; path = PhotoComponent.swift; sourceTree = "<group>"; };
		6FD4AA7F2B3AD39E00C7A6F8 /* LetterComponent.swift */ = {isa = PBXFileReference; lastKnownFileType = sourcecode.swift; path = LetterComponent.swift; sourceTree = "<group>"; };
/* End PBXFileReference section */

/* Begin PBXFrameworksBuildPhase section */
		1350FBCF2B3ABB8E009DEBA4 /* Frameworks */ = {
			isa = PBXFrameworksBuildPhase;
			buildActionMask = 2147483647;
			files = (
			);
			runOnlyForDeploymentPostprocessing = 0;
		};
/* End PBXFrameworksBuildPhase section */

/* Begin PBXGroup section */
		1350FBC92B3ABB8E009DEBA4 = {
			isa = PBXGroup;
			children = (
				1350FBD42B3ABB8E009DEBA4 /* OnesFrontend */,
				1350FBD32B3ABB8E009DEBA4 /* Products */,
			);
			sourceTree = "<group>";
		};
		1350FBD32B3ABB8E009DEBA4 /* Products */ = {
			isa = PBXGroup;
			children = (
				1350FBD22B3ABB8E009DEBA4 /* OnesFrontend.app */,
			);
			name = Products;
			sourceTree = "<group>";
		};
		1350FBD42B3ABB8E009DEBA4 /* OnesFrontend */ = {
			isa = PBXGroup;
			children = (
				6F2F74A72B3AE8850095EF99 /* Ext */,
				1350FBE82B3ABC08009DEBA4 /* Views */,
				1350FBE72B3ABC00009DEBA4 /* ViewModels */,
				1350FBE62B3ABBF7009DEBA4 /* Utilities */,
				1350FBE52B3ABBF2009DEBA4 /* Services */,
				1350FBE42B3ABBEA009DEBA4 /* Models */,
				1350FBE32B3ABBE3009DEBA4 /* Components */,
				1350FBD52B3ABB8E009DEBA4 /* OnesFrontendApp.swift */,
				1350FBD72B3ABB8E009DEBA4 /* ContentView.swift */,
				1350FBD92B3ABB90009DEBA4 /* Assets.xcassets */,
				1350FBDB2B3ABB90009DEBA4 /* Preview Content */,
			);
			path = OnesFrontend;
			sourceTree = "<group>";
		};
		1350FBDB2B3ABB90009DEBA4 /* Preview Content */ = {
			isa = PBXGroup;
			children = (
				1350FBDC2B3ABB90009DEBA4 /* Preview Assets.xcassets */,
			);
			path = "Preview Content";
			sourceTree = "<group>";
		};
		1350FBE32B3ABBE3009DEBA4 /* Components */ = {
			isa = PBXGroup;
			children = (
				1350FBF02B3ABC59009DEBA4 /* README.md */,
				6FD4AA7D2B3AC1FC00C7A6F8 /* PhotoComponent.swift */,
				6FD4AA7F2B3AD39E00C7A6F8 /* LetterComponent.swift */,
				6F2F749B2B3ADCB90095EF99 /* Color.swift */,
			);
			path = Components;
			sourceTree = "<group>";
		};
		1350FBE42B3ABBEA009DEBA4 /* Models */ = {
			isa = PBXGroup;
			children = (
				1350FBE92B3ABC13009DEBA4 /* DTO */,
				1350FBEE2B3ABC4A009DEBA4 /* README.md */,
				6F2F74A52B3AE8450095EF99 /* ImageAsset.swift */,
			);
			path = Models;
			sourceTree = "<group>";
		};
		1350FBE52B3ABBF2009DEBA4 /* Services */ = {
			isa = PBXGroup;
			children = (
				1350FBED2B3ABC41009DEBA4 /* README.md */,
			);
			path = Services;
			sourceTree = "<group>";
		};
		1350FBE62B3ABBF7009DEBA4 /* Utilities */ = {
			isa = PBXGroup;
			children = (
				1350FBEC2B3ABC3A009DEBA4 /* README.md */,
			);
			path = Utilities;
			sourceTree = "<group>";
		};
		1350FBE72B3ABC00009DEBA4 /* ViewModels */ = {
			isa = PBXGroup;
			children = (
				1350FBEB2B3ABC31009DEBA4 /* README.md */,
				6F2F74A32B3AE7F80095EF99 /* ImagePickerViewModel.swift */,
			);
			path = ViewModels;
			sourceTree = "<group>";
		};
		1350FBE82B3ABC08009DEBA4 /* Views */ = {
			isa = PBXGroup;
			children = (
				1350FBEA2B3ABC29009DEBA4 /* README.md */,
				6FD4AA7B2B3ABF0200C7A6F8 /* CapsuleItemFormView.swift */,
				6F2F74A12B3AE7670095EF99 /* ImagePickerView.swift */,
				6F2F74AA2B3AF64E0095EF99 /* LetterFormView.swift */,
			);
			path = Views;
			sourceTree = "<group>";
		};
		1350FBE92B3ABC13009DEBA4 /* DTO */ = {
			isa = PBXGroup;
			children = (
				1350FBEF2B3ABC51009DEBA4 /* README.md */,
			);
			path = DTO;
			sourceTree = "<group>";
		};
		6F2F74A72B3AE8850095EF99 /* Ext */ = {
			isa = PBXGroup;
			children = (
				6F2F74A82B3AE8950095EF99 /* Border.swift */,
				6F2F74AC2B3AFA1C0095EF99 /* Views.swift */,
			);
			path = Ext;
			sourceTree = "<group>";
		};
/* End PBXGroup section */

/* Begin PBXNativeTarget section */
		1350FBD12B3ABB8E009DEBA4 /* OnesFrontend */ = {
			isa = PBXNativeTarget;
			buildConfigurationList = 1350FBE02B3ABB90009DEBA4 /* Build configuration list for PBXNativeTarget "OnesFrontend" */;
			buildPhases = (
				1350FBCE2B3ABB8E009DEBA4 /* Sources */,
				1350FBCF2B3ABB8E009DEBA4 /* Frameworks */,
				1350FBD02B3ABB8E009DEBA4 /* Resources */,
			);
			buildRules = (
			);
			dependencies = (
			);
			name = OnesFrontend;
			productName = OnesFrontend;
			productReference = 1350FBD22B3ABB8E009DEBA4 /* OnesFrontend.app */;
			productType = "com.apple.product-type.application";
		};
/* End PBXNativeTarget section */

/* Begin PBXProject section */
		1350FBCA2B3ABB8E009DEBA4 /* Project object */ = {
			isa = PBXProject;
			attributes = {
				BuildIndependentTargetsInParallel = 1;
				LastSwiftUpdateCheck = 1510;
				LastUpgradeCheck = 1510;
				TargetAttributes = {
					1350FBD12B3ABB8E009DEBA4 = {
						CreatedOnToolsVersion = 15.1;
					};
				};
			};
			buildConfigurationList = 1350FBCD2B3ABB8E009DEBA4 /* Build configuration list for PBXProject "OnesFrontend" */;
			compatibilityVersion = "Xcode 14.0";
			developmentRegion = en;
			hasScannedForEncodings = 0;
			knownRegions = (
				en,
				Base,
			);
			mainGroup = 1350FBC92B3ABB8E009DEBA4;
			productRefGroup = 1350FBD32B3ABB8E009DEBA4 /* Products */;
			projectDirPath = "";
			projectRoot = "";
			targets = (
				1350FBD12B3ABB8E009DEBA4 /* OnesFrontend */,
			);
		};
/* End PBXProject section */

/* Begin PBXResourcesBuildPhase section */
		1350FBD02B3ABB8E009DEBA4 /* Resources */ = {
			isa = PBXResourcesBuildPhase;
			buildActionMask = 2147483647;
			files = (
				1350FBDD2B3ABB90009DEBA4 /* Preview Assets.xcassets in Resources */,
				1350FBDA2B3ABB90009DEBA4 /* Assets.xcassets in Resources */,
			);
			runOnlyForDeploymentPostprocessing = 0;
		};
/* End PBXResourcesBuildPhase section */

/* Begin PBXSourcesBuildPhase section */
		1350FBCE2B3ABB8E009DEBA4 /* Sources */ = {
			isa = PBXSourcesBuildPhase;
			buildActionMask = 2147483647;
			files = (
				6F2F74A92B3AE8950095EF99 /* Border.swift in Sources */,
				6FD4AA802B3AD39E00C7A6F8 /* LetterComponent.swift in Sources */,
				6F2F749C2B3ADCB90095EF99 /* Color.swift in Sources */,
				6FD4AA7E2B3AC1FC00C7A6F8 /* PhotoComponent.swift in Sources */,
				1350FBD82B3ABB8E009DEBA4 /* ContentView.swift in Sources */,
				6F2F74AB2B3AF64E0095EF99 /* LetterFormView.swift in Sources */,
				6F2F74A42B3AE7F80095EF99 /* ImagePickerViewModel.swift in Sources */,
				6FD4AA7C2B3ABF0200C7A6F8 /* CapsuleItemFormView.swift in Sources */,
				6F2F74AD2B3AFA1C0095EF99 /* Views.swift in Sources */,
				6F2F74A62B3AE8450095EF99 /* ImageAsset.swift in Sources */,
				1350FBD62B3ABB8E009DEBA4 /* OnesFrontendApp.swift in Sources */,
				6F2F74A22B3AE7670095EF99 /* ImagePickerView.swift in Sources */,
			);
			runOnlyForDeploymentPostprocessing = 0;
		};
/* End PBXSourcesBuildPhase section */

/* Begin XCBuildConfiguration section */
		1350FBDE2B3ABB90009DEBA4 /* Debug */ = {
			isa = XCBuildConfiguration;
			buildSettings = {
				ALWAYS_SEARCH_USER_PATHS = NO;
				ASSETCATALOG_COMPILER_GENERATE_SWIFT_ASSET_SYMBOL_EXTENSIONS = YES;
				CLANG_ANALYZER_NONNULL = YES;
				CLANG_ANALYZER_NUMBER_OBJECT_CONVERSION = YES_AGGRESSIVE;
				CLANG_CXX_LANGUAGE_STANDARD = "gnu++20";
				CLANG_ENABLE_MODULES = YES;
				CLANG_ENABLE_OBJC_ARC = YES;
				CLANG_ENABLE_OBJC_WEAK = YES;
				CLANG_WARN_BLOCK_CAPTURE_AUTORELEASING = YES;
				CLANG_WARN_BOOL_CONVERSION = YES;
				CLANG_WARN_COMMA = YES;
				CLANG_WARN_CONSTANT_CONVERSION = YES;
				CLANG_WARN_DEPRECATED_OBJC_IMPLEMENTATIONS = YES;
				CLANG_WARN_DIRECT_OBJC_ISA_USAGE = YES_ERROR;
				CLANG_WARN_DOCUMENTATION_COMMENTS = YES;
				CLANG_WARN_EMPTY_BODY = YES;
				CLANG_WARN_ENUM_CONVERSION = YES;
				CLANG_WARN_INFINITE_RECURSION = YES;
				CLANG_WARN_INT_CONVERSION = YES;
				CLANG_WARN_NON_LITERAL_NULL_CONVERSION = YES;
				CLANG_WARN_OBJC_IMPLICIT_RETAIN_SELF = YES;
				CLANG_WARN_OBJC_LITERAL_CONVERSION = YES;
				CLANG_WARN_OBJC_ROOT_CLASS = YES_ERROR;
				CLANG_WARN_QUOTED_INCLUDE_IN_FRAMEWORK_HEADER = YES;
				CLANG_WARN_RANGE_LOOP_ANALYSIS = YES;
				CLANG_WARN_STRICT_PROTOTYPES = YES;
				CLANG_WARN_SUSPICIOUS_MOVE = YES;
				CLANG_WARN_UNGUARDED_AVAILABILITY = YES_AGGRESSIVE;
				CLANG_WARN_UNREACHABLE_CODE = YES;
				CLANG_WARN__DUPLICATE_METHOD_MATCH = YES;
				COPY_PHASE_STRIP = NO;
				DEBUG_INFORMATION_FORMAT = dwarf;
				ENABLE_STRICT_OBJC_MSGSEND = YES;
				ENABLE_TESTABILITY = YES;
				ENABLE_USER_SCRIPT_SANDBOXING = YES;
				GCC_C_LANGUAGE_STANDARD = gnu17;
				GCC_DYNAMIC_NO_PIC = NO;
				GCC_NO_COMMON_BLOCKS = YES;
				GCC_OPTIMIZATION_LEVEL = 0;
				GCC_PREPROCESSOR_DEFINITIONS = (
					"DEBUG=1",
					"$(inherited)",
				);
				GCC_WARN_64_TO_32_BIT_CONVERSION = YES;
				GCC_WARN_ABOUT_RETURN_TYPE = YES_ERROR;
				GCC_WARN_UNDECLARED_SELECTOR = YES;
				GCC_WARN_UNINITIALIZED_AUTOS = YES_AGGRESSIVE;
				GCC_WARN_UNUSED_FUNCTION = YES;
				GCC_WARN_UNUSED_VARIABLE = YES;
				IPHONEOS_DEPLOYMENT_TARGET = 17.2;
				LOCALIZATION_PREFERS_STRING_CATALOGS = YES;
				MTL_ENABLE_DEBUG_INFO = INCLUDE_SOURCE;
				MTL_FAST_MATH = YES;
				ONLY_ACTIVE_ARCH = YES;
				SDKROOT = iphoneos;
				SWIFT_ACTIVE_COMPILATION_CONDITIONS = "DEBUG $(inherited)";
				SWIFT_OPTIMIZATION_LEVEL = "-Onone";
			};
			name = Debug;
		};
		1350FBDF2B3ABB90009DEBA4 /* Release */ = {
			isa = XCBuildConfiguration;
			buildSettings = {
				ALWAYS_SEARCH_USER_PATHS = NO;
				ASSETCATALOG_COMPILER_GENERATE_SWIFT_ASSET_SYMBOL_EXTENSIONS = YES;
				CLANG_ANALYZER_NONNULL = YES;
				CLANG_ANALYZER_NUMBER_OBJECT_CONVERSION = YES_AGGRESSIVE;
				CLANG_CXX_LANGUAGE_STANDARD = "gnu++20";
				CLANG_ENABLE_MODULES = YES;
				CLANG_ENABLE_OBJC_ARC = YES;
				CLANG_ENABLE_OBJC_WEAK = YES;
				CLANG_WARN_BLOCK_CAPTURE_AUTORELEASING = YES;
				CLANG_WARN_BOOL_CONVERSION = YES;
				CLANG_WARN_COMMA = YES;
				CLANG_WARN_CONSTANT_CONVERSION = YES;
				CLANG_WARN_DEPRECATED_OBJC_IMPLEMENTATIONS = YES;
				CLANG_WARN_DIRECT_OBJC_ISA_USAGE = YES_ERROR;
				CLANG_WARN_DOCUMENTATION_COMMENTS = YES;
				CLANG_WARN_EMPTY_BODY = YES;
				CLANG_WARN_ENUM_CONVERSION = YES;
				CLANG_WARN_INFINITE_RECURSION = YES;
				CLANG_WARN_INT_CONVERSION = YES;
				CLANG_WARN_NON_LITERAL_NULL_CONVERSION = YES;
				CLANG_WARN_OBJC_IMPLICIT_RETAIN_SELF = YES;
				CLANG_WARN_OBJC_LITERAL_CONVERSION = YES;
				CLANG_WARN_OBJC_ROOT_CLASS = YES_ERROR;
				CLANG_WARN_QUOTED_INCLUDE_IN_FRAMEWORK_HEADER = YES;
				CLANG_WARN_RANGE_LOOP_ANALYSIS = YES;
				CLANG_WARN_STRICT_PROTOTYPES = YES;
				CLANG_WARN_SUSPICIOUS_MOVE = YES;
				CLANG_WARN_UNGUARDED_AVAILABILITY = YES_AGGRESSIVE;
				CLANG_WARN_UNREACHABLE_CODE = YES;
				CLANG_WARN__DUPLICATE_METHOD_MATCH = YES;
				COPY_PHASE_STRIP = NO;
				DEBUG_INFORMATION_FORMAT = "dwarf-with-dsym";
				ENABLE_NS_ASSERTIONS = NO;
				ENABLE_STRICT_OBJC_MSGSEND = YES;
				ENABLE_USER_SCRIPT_SANDBOXING = YES;
				GCC_C_LANGUAGE_STANDARD = gnu17;
				GCC_NO_COMMON_BLOCKS = YES;
				GCC_WARN_64_TO_32_BIT_CONVERSION = YES;
				GCC_WARN_ABOUT_RETURN_TYPE = YES_ERROR;
				GCC_WARN_UNDECLARED_SELECTOR = YES;
				GCC_WARN_UNINITIALIZED_AUTOS = YES_AGGRESSIVE;
				GCC_WARN_UNUSED_FUNCTION = YES;
				GCC_WARN_UNUSED_VARIABLE = YES;
				IPHONEOS_DEPLOYMENT_TARGET = 17.2;
				LOCALIZATION_PREFERS_STRING_CATALOGS = YES;
				MTL_ENABLE_DEBUG_INFO = NO;
				MTL_FAST_MATH = YES;
				SDKROOT = iphoneos;
				SWIFT_COMPILATION_MODE = wholemodule;
				VALIDATE_PRODUCT = YES;
			};
			name = Release;
		};
		1350FBE12B3ABB90009DEBA4 /* Debug */ = {
			isa = XCBuildConfiguration;
			buildSettings = {
				ASSETCATALOG_COMPILER_APPICON_NAME = AppIcon;
				ASSETCATALOG_COMPILER_GLOBAL_ACCENT_COLOR_NAME = AccentColor;
				CODE_SIGN_STYLE = Automatic;
				CURRENT_PROJECT_VERSION = 1;
				DEVELOPMENT_ASSET_PATHS = "\"OnesFrontend/Preview Content\"";
				ENABLE_PREVIEWS = YES;
				GENERATE_INFOPLIST_FILE = YES;
				INFOPLIST_KEY_NSPhotoLibraryUsageDescription = "원스에서 사진을 추가하기 위해 앨범에 접근합니다.";
				INFOPLIST_KEY_UIApplicationSceneManifest_Generation = YES;
				INFOPLIST_KEY_UIApplicationSupportsIndirectInputEvents = YES;
				INFOPLIST_KEY_UILaunchScreen_Generation = YES;
				INFOPLIST_KEY_UISupportedInterfaceOrientations_iPad = "UIInterfaceOrientationPortrait UIInterfaceOrientationPortraitUpsideDown UIInterfaceOrientationLandscapeLeft UIInterfaceOrientationLandscapeRight";
				INFOPLIST_KEY_UISupportedInterfaceOrientations_iPhone = "UIInterfaceOrientationPortrait UIInterfaceOrientationLandscapeLeft UIInterfaceOrientationLandscapeRight";
				LD_RUNPATH_SEARCH_PATHS = (
					"$(inherited)",
					"@executable_path/Frameworks",
				);
				MARKETING_VERSION = 1.0;
				PRODUCT_BUNDLE_IDENTIFIER = ones.OnesFrontend;
				PRODUCT_NAME = "$(TARGET_NAME)";
				SWIFT_EMIT_LOC_STRINGS = YES;
				SWIFT_VERSION = 5.0;
				TARGETED_DEVICE_FAMILY = "1,2";
			};
			name = Debug;
		};
		1350FBE22B3ABB90009DEBA4 /* Release */ = {
			isa = XCBuildConfiguration;
			buildSettings = {
				ASSETCATALOG_COMPILER_APPICON_NAME = AppIcon;
				ASSETCATALOG_COMPILER_GLOBAL_ACCENT_COLOR_NAME = AccentColor;
				CODE_SIGN_STYLE = Automatic;
				CURRENT_PROJECT_VERSION = 1;
				DEVELOPMENT_ASSET_PATHS = "\"OnesFrontend/Preview Content\"";
				ENABLE_PREVIEWS = YES;
				GENERATE_INFOPLIST_FILE = YES;
				INFOPLIST_KEY_NSPhotoLibraryUsageDescription = "원스에서 사진을 추가하기 위해 앨범에 접근합니다.";
				INFOPLIST_KEY_UIApplicationSceneManifest_Generation = YES;
				INFOPLIST_KEY_UIApplicationSupportsIndirectInputEvents = YES;
				INFOPLIST_KEY_UILaunchScreen_Generation = YES;
				INFOPLIST_KEY_UISupportedInterfaceOrientations_iPad = "UIInterfaceOrientationPortrait UIInterfaceOrientationPortraitUpsideDown UIInterfaceOrientationLandscapeLeft UIInterfaceOrientationLandscapeRight";
				INFOPLIST_KEY_UISupportedInterfaceOrientations_iPhone = "UIInterfaceOrientationPortrait UIInterfaceOrientationLandscapeLeft UIInterfaceOrientationLandscapeRight";
				LD_RUNPATH_SEARCH_PATHS = (
					"$(inherited)",
					"@executable_path/Frameworks",
				);
				MARKETING_VERSION = 1.0;
				PRODUCT_BUNDLE_IDENTIFIER = ones.OnesFrontend;
				PRODUCT_NAME = "$(TARGET_NAME)";
				SWIFT_EMIT_LOC_STRINGS = YES;
				SWIFT_VERSION = 5.0;
				TARGETED_DEVICE_FAMILY = "1,2";
			};
			name = Release;
		};
/* End XCBuildConfiguration section */

/* Begin XCConfigurationList section */
		1350FBCD2B3ABB8E009DEBA4 /* Build configuration list for PBXProject "OnesFrontend" */ = {
			isa = XCConfigurationList;
			buildConfigurations = (
				1350FBDE2B3ABB90009DEBA4 /* Debug */,
				1350FBDF2B3ABB90009DEBA4 /* Release */,
			);
			defaultConfigurationIsVisible = 0;
			defaultConfigurationName = Release;
		};
		1350FBE02B3ABB90009DEBA4 /* Build configuration list for PBXNativeTarget "OnesFrontend" */ = {
			isa = XCConfigurationList;
			buildConfigurations = (
				1350FBE12B3ABB90009DEBA4 /* Debug */,
				1350FBE22B3ABB90009DEBA4 /* Release */,
			);
			defaultConfigurationIsVisible = 0;
			defaultConfigurationName = Release;
		};
/* End XCConfigurationList section */
	};
	rootObject = 1350FBCA2B3ABB8E009DEBA4 /* Project object */;
}
